
Microsoft Visual Studio Solution File, Format Version 12.00
Project("{FAE04EC0-301F-11D3-BF4B-00C04F79EFBC}") = "Offical-Assement-2", "Offical-Assement-2\Offical-Assement-2.csproj", "{37B409B8-F088-4797-B784-1C6D6BE3789E}"
EndProject
Global
	GlobalSection(SolutionConfigurationPlatforms) = preSolution
		Debug|Any CPU = Debug|Any CPU
		Release|Any CPU = Release|Any CPU
	EndGlobalSection
	GlobalSection(ProjectConfigurationPlatforms) = postSolution
		{37B409B8-F088-4797-B784-1C6D6BE3789E}.Debug|Any CPU.ActiveCfg = Debug|Any CPU
		{37B409B8-F088-4797-B784-1C6D6BE3789E}.Debug|Any CPU.Build.0 = Debug|Any CPU
		{37B409B8-F088-4797-B784-1C6D6BE3789E}.Release|Any CPU.ActiveCfg = Release|Any CPU
		{37B409B8-F088-4797-B784-1C6D6BE3789E}.Release|Any CPU.Build.0 = Release|Any CPU
	EndGlobalSection
EndGlobal
